// !$*UTF8*$!
{
	archiveVersion = 1;
	classes = {
	};
	objectVersion = 50;
	objects = {

/* Begin PBXBuildFile section */
		8E89DD2C232B893700BD3697 /* AppDelegate.swift in Sources */ = {isa = PBXBuildFile; fileRef = 8E89DD2B232B893700BD3697 /* AppDelegate.swift */; };
		8E89DD2E232B893700BD3697 /* ViewController.swift in Sources */ = {isa = PBXBuildFile; fileRef = 8E89DD2D232B893700BD3697 /* ViewController.swift */; };
		8E89DD31232B893700BD3697 /* Main.storyboard in Resources */ = {isa = PBXBuildFile; fileRef = 8E89DD2F232B893700BD3697 /* Main.storyboard */; };
		8E89DD33232B893900BD3697 /* Assets.xcassets in Resources */ = {isa = PBXBuildFile; fileRef = 8E89DD32232B893900BD3697 /* Assets.xcassets */; };
		8E89DD36232B893900BD3697 /* LaunchScreen.storyboard in Resources */ = {isa = PBXBuildFile; fileRef = 8E89DD34232B893900BD3697 /* LaunchScreen.storyboard */; };
		8EAAB5EA266FC1B800742452 /* Spinner.swift in Sources */ = {isa = PBXBuildFile; fileRef = 8EAAB5E9266FC1B800742452 /* Spinner.swift */; };
/* End PBXBuildFile section */

/* Begin PBXFileReference section */
		8E89DD28232B893700BD3697 /* SwiftTips.app */ = {isa = PBXFileReference; explicitFileType = wrapper.application; includeInIndex = 0; path = SwiftTips.app; sourceTree = BUILT_PRODUCTS_DIR; };
		8E89DD2B232B893700BD3697 /* AppDelegate.swift */ = {isa = PBXFileReference; lastKnownFileType = sourcecode.swift; path = AppDelegate.swift; sourceTree = "<group>"; };
		8E89DD2D232B893700BD3697 /* ViewController.swift */ = {isa = PBXFileReference; lastKnownFileType = sourcecode.swift; path = ViewController.swift; sourceTree = "<group>"; };
		8E89DD30232B893700BD3697 /* Base */ = {isa = PBXFileReference; lastKnownFileType = file.storyboard; name = Base; path = Base.lproj/Main.storyboard; sourceTree = "<group>"; };
		8E89DD32232B893900BD3697 /* Assets.xcassets */ = {isa = PBXFileReference; lastKnownFileType = folder.assetcatalog; path = Assets.xcassets; sourceTree = "<group>"; };
		8E89DD35232B893900BD3697 /* Base */ = {isa = PBXFileReference; lastKnownFileType = file.storyboard; name = Base; path = Base.lproj/LaunchScreen.storyboard; sourceTree = "<group>"; };
		8E89DD37232B893900BD3697 /* Info.plist */ = {isa = PBXFileReference; lastKnownFileType = text.plist.xml; path = Info.plist; sourceTree = "<group>"; };
		8EAAB5E9266FC1B800742452 /* Spinner.swift */ = {isa = PBXFileReference; lastKnownFileType = sourcecode.swift; path = Spinner.swift; sourceTree = "<group>"; };
/* End PBXFileReference section */

/* Begin PBXFrameworksBuildPhase section */
		8E89DD25232B893700BD3697 /* Frameworks */ = {
			isa = PBXFrameworksBuildPhase;
			buildActionMask = 2147483647;
			files = (
			);
			runOnlyForDeploymentPostprocessing = 0;
		};
/* End PBXFrameworksBuildPhase section */

/* Begin PBXGroup section */
		8E89DD1F232B893700BD3697 = {
			isa = PBXGroup;
			children = (
				8E89DD2A232B893700BD3697 /* SwiftTips */,
				8E89DD29232B893700BD3697 /* Products */,
			);
			sourceTree = "<group>";
		};
		8E89DD29232B893700BD3697 /* Products */ = {
			isa = PBXGroup;
			children = (
				8E89DD28232B893700BD3697 /* SwiftTips.app */,
			);
			name = Products;
			sourceTree = "<group>";
		};
		8E89DD2A232B893700BD3697 /* SwiftTips */ = {
			isa = PBXGroup;
			children = (
				8E89DD2B232B893700BD3697 /* AppDelegate.swift */,
				8E89DD2D232B893700BD3697 /* ViewController.swift */,
				8E89DD2F232B893700BD3697 /* Main.storyboard */,
				8E89DD32232B893900BD3697 /* Assets.xcassets */,
				8E89DD34232B893900BD3697 /* LaunchScreen.storyboard */,
				8E89DD37232B893900BD3697 /* Info.plist */,
				8EAAB5E9266FC1B800742452 /* Spinner.swift */,
			);
			path = SwiftTips;
			sourceTree = "<group>";
		};
/* End PBXGroup section */

/* Begin PBXNativeTarget section */
		8E89DD27232B893700BD3697 /* SwiftTips */ = {
			isa = PBXNativeTarget;
			buildConfigurationList = 8E89DD3A232B893900BD3697 /* Build configuration list for PBXNativeTarget "SwiftTips" */;
			buildPhases = (
				8E89DD24232B893700BD3697 /* Sources */,
				8E89DD25232B893700BD3697 /* Frameworks */,
				8E89DD26232B893700BD3697 /* Resources */,
			);
			buildRules = (
			);
			dependencies = (
			);
			name = SwiftTips;
			productName = SwiftTips;
			productReference = 8E89DD28232B893700BD3697 /* SwiftTips.app */;
			productType = "com.apple.product-type.application";
		};
/* End PBXNativeTarget section */

/* Begin PBXProject section */
		8E89DD20232B893700BD3697 /* Project object */ = {
			isa = PBXProject;
			attributes = {
				LastSwiftUpdateCheck = 1030;
				LastUpgradeCheck = 1030;
				ORGANIZATIONNAME = nguyen.duc.huyb;
				TargetAttributes = {
					8E89DD27232B893700BD3697 = {
						CreatedOnToolsVersion = 10.3;
					};
				};
			};
			buildConfigurationList = 8E89DD23232B893700BD3697 /* Build configuration list for PBXProject "SwiftTips" */;
			compatibilityVersion = "Xcode 9.3";
			developmentRegion = en;
			hasScannedForEncodings = 0;
			knownRegions = (
				en,
				Base,
			);
			mainGroup = 8E89DD1F232B893700BD3697;
			productRefGroup = 8E89DD29232B893700BD3697 /* Products */;
			projectDirPath = "";
			projectRoot = "";
			targets = (
				8E89DD27232B893700BD3697 /* SwiftTips */,
			);
		};
/* End PBXProject section */

/* Begin PBXResourcesBuildPhase section */
		8E89DD26232B893700BD3697 /* Resources */ = {
			isa = PBXResourcesBuildPhase;
			buildActionMask = 2147483647;
			files = (
				8E89DD36232B893900BD3697 /* LaunchScreen.storyboard in Resources */,
				8E89DD33232B893900BD3697 /* Assets.xcassets in Resources */,
				8E89DD31232B893700BD3697 /* Main.storyboard in Resources */,
			);
			runOnlyForDeploymentPostprocessing = 0;
		};
/* End PBXResourcesBuildPhase section */

/* Begin PBXSourcesBuildPhase section */
		8E89DD24232B893700BD3697 /* Sources */ = {
			isa = PBXSourcesBuildPhase;
			buildActionMask = 2147483647;
			files = (
				8E89DD2E232B893700BD3697 /* ViewController.swift in Sources */,
				8EAAB5EA266FC1B800742452 /* Spinner.swift in Sources */,
				8E89DD2C232B893700BD3697 /* AppDelegate.swift in Sources */,
			);
			runOnlyForDeploymentPostprocessing = 0;
		};
/* End PBXSourcesBuildPhase section */

/* Begin PBXVariantGroup section */
		8E89DD2F232B893700BD3697 /* Main.storyboard */ = {
			isa = PBXVariantGroup;
			children = (
				8E89DD30232B893700BD3697 /* Base */,
			);
			name = Main.storyboard;
			sourceTree = "<group>";
		};
		8E89DD34232B893900BD3697 /* LaunchScreen.storyboard */ = {
			isa = PBXVariantGroup;
			children = (
				8E89DD35232B893900BD3697 /* Base */,
			);
			name = LaunchScreen.storyboard;
			sourceTree = "<group>";
		};
/* End PBXVariantGroup section */

/* Begin XCBuildConfiguration section */
		8E89DD38232B893900BD3697 /* Debug */ = {
			isa = XCBuildConfiguration;
			buildSettings = {
				ALWAYS_SEARCH_USER_PATHS = NO;
				CLANG_ANALYZER_NONNULL = YES;
				CLANG_ANALYZER_NUMBER_OBJECT_CONVERSION = YES_AGGRESSIVE;
				CLANG_CXX_LANGUAGE_STANDARD = "gnu++14";
				CLANG_CXX_LIBRARY = "libc++";
				CLANG_ENABLE_MODULES = YES;
				CLANG_ENABLE_OBJC_ARC = YES;
				CLANG_ENABLE_OBJC_WEAK = YES;
				CLANG_WARN_BLOCK_CAPTURE_AUTORELEASING = YES;
				CLANG_WARN_BOOL_CONVERSION = YES;
				CLANG_WARN_COMMA = YES;
				CLANG_WARN_CONSTANT_CONVERSION = YES;
				CLANG_WARN_DEPRECATED_OBJC_IMPLEMENTATIONS = YES;
				CLANG_WARN_DIRECT_OBJC_ISA_USAGE = YES_ERROR;
				CLANG_WARN_DOCUMENTATION_COMMENTS = YES;
				CLANG_WARN_EMPTY_BODY = YES;
				CLANG_WARN_ENUM_CONVERSION = YES;
				CLANG_WARN_INFINITE_RECURSION = YES;
				CLANG_WARN_INT_CONVERSION = YES;
				CLANG_WARN_NON_LITERAL_NULL_CONVERSION = YES;
				CLANG_WARN_OBJC_IMPLICIT_RETAIN_SELF = YES;
				CLANG_WARN_OBJC_LITERAL_CONVERSION = YES;
				CLANG_WARN_OBJC_ROOT_CLASS = YES_ERROR;
				CLANG_WARN_RANGE_LOOP_ANALYSIS = YES;
				CLANG_WARN_STRICT_PROTOTYPES = YES;
				CLANG_WARN_SUSPICIOUS_MOVE = YES;
				CLANG_WARN_UNGUARDED_AVAILABILITY = YES_AGGRESSIVE;
				CLANG_WARN_UNREACHABLE_CODE = YES;
				CLANG_WARN__DUPLICATE_METHOD_MATCH = YES;
				CODE_SIGN_IDENTITY = "iPhone Developer";
				COPY_PHASE_STRIP = NO;
				DEBUG_INFORMATION_FORMAT = dwarf;
				ENABLE_STRICT_OBJC_MSGSEND = YES;
				ENABLE_TESTABILITY = YES;
				GCC_C_LANGUAGE_STANDARD = gnu11;
				GCC_DYNAMIC_NO_PIC = NO;
				GCC_NO_COMMON_BLOCKS = YES;
				GCC_OPTIMIZATION_LEVEL = 0;
				GCC_PREPROCESSOR_DEFINITIONS = (
					"DEBUG=1",
					"$(inherited)",
				);
				GCC_WARN_64_TO_32_BIT_CONVERSION = YES;
				GCC_WARN_ABOUT_RETURN_TYPE = YES_ERROR;
				GCC_WARN_UNDECLARED_SELECTOR = YES;
				GCC_WARN_UNINITIALIZED_AUTOS = YES_AGGRESSIVE;
				GCC_WARN_UNUSED_FUNCTION = YES;
				GCC_WARN_UNUSED_VARIABLE = YES;
				IPHONEOS_DEPLOYMENT_TARGET = 12.4;
				MTL_ENABLE_DEBUG_INFO = INCLUDE_SOURCE;
				MTL_FAST_MATH = YES;
				ONLY_ACTIVE_ARCH = YES;
				SDKROOT = iphoneos;
				SWIFT_ACTIVE_COMPILATION_CONDITIONS = DEBUG;
				SWIFT_OPTIMIZATION_LEVEL = "-Onone";
			};
			name = Debug;
		};
		8E89DD39232B893900BD3697 /* Release */ = {
			isa = XCBuildConfiguration;
			buildSettings = {
				ALWAYS_SEARCH_USER_PATHS = NO;
				CLANG_ANALYZER_NONNULL = YES;
				CLANG_ANALYZER_NUMBER_OBJECT_CONVERSION = YES_AGGRESSIVE;
				CLANG_CXX_LANGUAGE_STANDARD = "gnu++14";
				CLANG_CXX_LIBRARY = "libc++";
				CLANG_ENABLE_MODULES = YES;
				CLANG_ENABLE_OBJC_ARC = YES;
				CLANG_ENABLE_OBJC_WEAK = YES;
				CLANG_WARN_BLOCK_CAPTURE_AUTORELEASING = YES;
				CLANG_WARN_BOOL_CONVERSION = YES;
				CLANG_WARN_COMMA = YES;
				CLANG_WARN_CONSTANT_CONVERSION = YES;
				CLANG_WARN_DEPRECATED_OBJC_IMPLEMENTATIONS = YES;
				CLANG_WARN_DIRECT_OBJC_ISA_USAGE = YES_ERROR;
				CLANG_WARN_DOCUMENTATION_COMMENTS = YES;
				CLANG_WARN_EMPTY_BODY = YES;
				CLANG_WARN_ENUM_CONVERSION = YES;
				CLANG_WARN_INFINITE_RECURSION = YES;
				CLANG_WARN_INT_CONVERSION = YES;
				CLANG_WARN_NON_LITERAL_NULL_CONVERSION = YES;
				CLANG_WARN_OBJC_IMPLICIT_RETAIN_SELF = YES;
				CLANG_WARN_OBJC_LITERAL_CONVERSION = YES;
				CLANG_WARN_OBJC_ROOT_CLASS = YES_ERROR;
				CLANG_WARN_RANGE_LOOP_ANALYSIS = YES;
				CLANG_WARN_STRICT_PROTOTYPES = YES;
				CLANG_WARN_SUSPICIOUS_MOVE = YES;
				CLANG_WARN_UNGUARDED_AVAILABILITY = YES_AGGRESSIVE;
				CLANG_WARN_UNREACHABLE_CODE = YES;
				CLANG_WARN__DUPLICATE_METHOD_MATCH = YES;
				CODE_SIGN_IDENTITY = "iPhone Developer";
				COPY_PHASE_STRIP = NO;
				DEBUG_INFORMATION_FORMAT = "dwarf-with-dsym";
				ENABLE_NS_ASSERTIONS = NO;
				ENABLE_STRICT_OBJC_MSGSEND = YES;
				GCC_C_LANGUAGE_STANDARD = gnu11;
				GCC_NO_COMMON_BLOCKS = YES;
				GCC_WARN_64_TO_32_BIT_CONVERSION = YES;
				GCC_WARN_ABOUT_RETURN_TYPE = YES_ERROR;
				GCC_WARN_UNDECLARED_SELECTOR = YES;
				GCC_WARN_UNINITIALIZED_AUTOS = YES_AGGRESSIVE;
				GCC_WARN_UNUSED_FUNCTION = YES;
				GCC_WARN_UNUSED_VARIABLE = YES;
				IPHONEOS_DEPLOYMENT_TARGET = 12.4;
				MTL_ENABLE_DEBUG_INFO = NO;
				MTL_FAST_MATH = YES;
				SDKROOT = iphoneos;
				SWIFT_COMPILATION_MODE = wholemodule;
				SWIFT_OPTIMIZATION_LEVEL = "-O";
				VALIDATE_PRODUCT = YES;
			};
			name = Release;
		};
		8E89DD3B232B893900BD3697 /* Debug */ = {
			isa = XCBuildConfiguration;
			buildSettings = {
				ASSETCATALOG_COMPILER_APPICON_NAME = AppIcon;
				CODE_SIGN_STYLE = Automatic;
				DEVELOPMENT_TEAM = 2FVQE295NZ;
				INFOPLIST_FILE = SwiftTips/Info.plist;
				IPHONEOS_DEPLOYMENT_TARGET = 12.0;
				LD_RUNPATH_SEARCH_PATHS = (
					"$(inherited)",
					"@executable_path/Frameworks",
				);
				PRODUCT_BUNDLE_IDENTIFIER = com.sunasterisk.SwiftTips;
				PRODUCT_NAME = "$(TARGET_NAME)";
				SWIFT_VERSION = 5.0;
				TARGETED_DEVICE_FAMILY = "1,2";
			};
			name = Debug;
		};
		8E89DD3C232B893900BD3697 /* Release */ = {
			isa = XCBuildConfiguration;
			buildSettings = {
				ASSETCATALOG_COMPILER_APPICON_NAME = AppIcon;
				CODE_SIGN_STYLE = Automatic;
				DEVELOPMENT_TEAM = 2FVQE295NZ;
				INFOPLIST_FILE = SwiftTips/Info.plist;
				IPHONEOS_DEPLOYMENT_TARGET = 12.0;
				LD_RUNPATH_SEARCH_PATHS = (
					"$(inherited)",
					"@executable_path/Frameworks",
				);
				PRODUCT_BUNDLE_IDENTIFIER = com.sunasterisk.SwiftTips;
				PRODUCT_NAME = "$(TARGET_NAME)";
				SWIFT_VERSION = 5.0;
				TARGETED_DEVICE_FAMILY = "1,2";
			};
			name = Release;
		};
/* End XCBuildConfiguration section */

/* Begin XCConfigurationList section */
		8E89DD23232B893700BD3697 /* Build configuration list for PBXProject "SwiftTips" */ = {
			isa = XCConfigurationList;
			buildConfigurations = (
				8E89DD38232B893900BD3697 /* Debug */,
				8E89DD39232B893900BD3697 /* Release */,
			);
			defaultConfigurationIsVisible = 0;
			defaultConfigurationName = Release;
		};
		8E89DD3A232B893900BD3697 /* Build configuration list for PBXNativeTarget "SwiftTips" */ = {
			isa = XCConfigurationList;
			buildConfigurations = (
				8E89DD3B232B893900BD3697 /* Debug */,
				8E89DD3C232B893900BD3697 /* Release */,
			);
			defaultConfigurationIsVisible = 0;
			defaultConfigurationName = Release;
		};
/* End XCConfigurationList section */
	};
	rootObject = 8E89DD20232B893700BD3697 /* Project object */;
}
